
Microsoft Visual Studio Solution File, Format Version 12.00
# Visual Studio Version 17
VisualStudioVersion = 17.6.33801.468
MinimumVisualStudioVersion = 10.0.40219.1
Project("{9A19103F-16F7-4668-BE54-9A1E7A4F7556}") = "AWSLambdaDemo", "AWSLambdaDemo\AWSLambdaDemo.csproj", "{97C0CAD9-B5AD-4EBF-892D-49563B930D3A}"
EndProject
Project("{9A19103F-16F7-4668-BE54-9A1E7A4F7556}") = "AWSLambdaAnnotationsDemo", "AWSLambdaAnnotationsDemo\AWSLambdaAnnotationsDemo.csproj", "{FCAB58B2-2F3A-47B7-8527-99DFB9C76DB1}"
EndProject
Global
	GlobalSection(SolutionConfigurationPlatforms) = preSolution
		Debug|Any CPU = Debug|Any CPU
		Release|Any CPU = Release|Any CPU
	EndGlobalSection
	GlobalSection(ProjectConfigurationPlatforms) = postSolution
		{97C0CAD9-B5AD-4EBF-892D-49563B930D3A}.Debug|Any CPU.ActiveCfg = Debug|Any CPU
		{97C0CAD9-B5AD-4EBF-892D-49563B930D3A}.Debug|Any CPU.Build.0 = Debug|Any CPU
		{97C0CAD9-B5AD-4EBF-892D-49563B930D3A}.Release|Any CPU.ActiveCfg = Release|Any CPU
		{97C0CAD9-B5AD-4EBF-892D-49563B930D3A}.Release|Any CPU.Build.0 = Release|Any CPU
		{FCAB58B2-2F3A-47B7-8527-99DFB9C76DB1}.Debug|Any CPU.ActiveCfg = Debug|Any CPU
		{FCAB58B2-2F3A-47B7-8527-99DFB9C76DB1}.Debug|Any CPU.Build.0 = Debug|Any CPU
		{FCAB58B2-2F3A-47B7-8527-99DFB9C76DB1}.Release|Any CPU.ActiveCfg = Release|Any CPU
		{FCAB58B2-2F3A-47B7-8527-99DFB9C76DB1}.Release|Any CPU.Build.0 = Release|Any CPU
	EndGlobalSection
	GlobalSection(SolutionProperties) = preSolution
		HideSolutionNode = FALSE
	EndGlobalSection
	GlobalSection(ExtensibilityGlobals) = postSolution
		SolutionGuid = {6DD1A6CA-88DB-49E7-A120-7447FDF114E0}
	EndGlobalSection
EndGlobal
